
Microsoft Visual Studio Solution File, Format Version 12.00
# Visual Studio 2012
Project("{FAE04EC0-301F-11D3-BF4B-00C04F79EFBC}") = "StoreKeeper", "StoreKeeper\StoreKeeper.csproj", "{6E8D762F-A86D-4A23-893C-4CA9CC7D0BA4}"
EndProject
Global
	GlobalSection(SolutionConfigurationPlatforms) = preSolution
		Debug|x86 = Debug|x86
		Release|x86 = Release|x86
	EndGlobalSection
	GlobalSection(ProjectConfigurationPlatforms) = postSolution
		{6E8D762F-A86D-4A23-893C-4CA9CC7D0BA4}.Debug|x86.ActiveCfg = Debug|x86
		{6E8D762F-A86D-4A23-893C-4CA9CC7D0BA4}.Debug|x86.Build.0 = Debug|x86
		{6E8D762F-A86D-4A23-893C-4CA9CC7D0BA4}.Release|x86.ActiveCfg = Release|x86
		{6E8D762F-A86D-4A23-893C-4CA9CC7D0BA4}.Release|x86.Build.0 = Release|x86
	EndGlobalSection
EndGlobal
